{
  "name": "dev dictatot -github profile finder",
  "lockfileVersion": 3,
  "requires": true,
  "packages": {
    "": {
      "dependencies": {
        "giturl": "^2.0.0"
      }
    },
    "node_modules/giturl": {
      "version": "2.0.0",
      "resolved": "https://registry.npmjs.org/giturl/-/giturl-2.0.0.tgz",
      "integrity": "sha512-FB0MmghWLcqsyrBZyqsLCNeS2kIzYymT34t/6BxM5R0/9Pxvj0K1eK25SBbwRHMjKMLgQ7nYqBSduF6XyfkgFg==",
      "engines": {
        "node": ">= 14.17.0"
      }
    }
  }
}
